// !$*UTF8*$!
{
	archiveVersion = 1;
	classes = {
	};
	objectVersion = 50;
	objects = {

/* Begin PBXBuildFile section */
		A400C068235598C900AD62BA /* InsertionSort1.swift in Sources */ = {isa = PBXBuildFile; fileRef = A400C067235598C900AD62BA /* InsertionSort1.swift */; };
		A400C06A235599D200AD62BA /* InsertionSort2.swift in Sources */ = {isa = PBXBuildFile; fileRef = A400C069235599D200AD62BA /* InsertionSort2.swift */; };
		A400C06C23559BF700AD62BA /* InsertionSort3.swift in Sources */ = {isa = PBXBuildFile; fileRef = A400C06B23559BF700AD62BA /* InsertionSort3.swift */; };
		A405CF8823502A08001E2D35 /* BubbleSort2.swift in Sources */ = {isa = PBXBuildFile; fileRef = A405CF8723502A08001E2D35 /* BubbleSort2.swift */; };
		A405CF8A23502B32001E2D35 /* BubbleSort3.swift in Sources */ = {isa = PBXBuildFile; fileRef = A405CF8923502B32001E2D35 /* BubbleSort3.swift */; };
		A436F82F2351A4C600593EC2 /* SelectionSort.swift in Sources */ = {isa = PBXBuildFile; fileRef = A436F82E2351A4C600593EC2 /* SelectionSort.swift */; };
		A436F8312351A84500593EC2 /* HeapSort.swift in Sources */ = {isa = PBXBuildFile; fileRef = A436F8302351A84500593EC2 /* HeapSort.swift */; };
		A4AF3303234EC3A70050F7C9 /* main.swift in Sources */ = {isa = PBXBuildFile; fileRef = A4AF3302234EC3A70050F7C9 /* main.swift */; };
		A4AF330A234ECAF70050F7C9 /* Tools.swift in Sources */ = {isa = PBXBuildFile; fileRef = A4AF3309234ECAF70050F7C9 /* Tools.swift */; };
		A4AF330C234ED4450050F7C9 /* Sort.swift in Sources */ = {isa = PBXBuildFile; fileRef = A4AF330B234ED4450050F7C9 /* Sort.swift */; };
		A4AF330E234F1E5A0050F7C9 /* Student.swift in Sources */ = {isa = PBXBuildFile; fileRef = A4AF330D234F1E5A0050F7C9 /* Student.swift */; };
		A4AF3312234F31730050F7C9 /* BubbleSort1.swift in Sources */ = {isa = PBXBuildFile; fileRef = A4AF3311234F31730050F7C9 /* BubbleSort1.swift */; };
/* End PBXBuildFile section */

/* Begin PBXCopyFilesBuildPhase section */
		A4AF32FD234EC3A70050F7C9 /* CopyFiles */ = {
			isa = PBXCopyFilesBuildPhase;
			buildActionMask = 2147483647;
			dstPath = /usr/share/man/man1/;
			dstSubfolderSpec = 0;
			files = (
			);
			runOnlyForDeploymentPostprocessing = 1;
		};
/* End PBXCopyFilesBuildPhase section */

/* Begin PBXFileReference section */
		A400C067235598C900AD62BA /* InsertionSort1.swift */ = {isa = PBXFileReference; lastKnownFileType = sourcecode.swift; path = InsertionSort1.swift; sourceTree = "<group>"; };
		A400C069235599D200AD62BA /* InsertionSort2.swift */ = {isa = PBXFileReference; lastKnownFileType = sourcecode.swift; path = InsertionSort2.swift; sourceTree = "<group>"; };
		A400C06B23559BF700AD62BA /* InsertionSort3.swift */ = {isa = PBXFileReference; lastKnownFileType = sourcecode.swift; path = InsertionSort3.swift; sourceTree = "<group>"; };
		A405CF8723502A08001E2D35 /* BubbleSort2.swift */ = {isa = PBXFileReference; lastKnownFileType = sourcecode.swift; path = BubbleSort2.swift; sourceTree = "<group>"; };
		A405CF8923502B32001E2D35 /* BubbleSort3.swift */ = {isa = PBXFileReference; lastKnownFileType = sourcecode.swift; path = BubbleSort3.swift; sourceTree = "<group>"; };
		A436F82E2351A4C600593EC2 /* SelectionSort.swift */ = {isa = PBXFileReference; lastKnownFileType = sourcecode.swift; path = SelectionSort.swift; sourceTree = "<group>"; };
		A436F8302351A84500593EC2 /* HeapSort.swift */ = {isa = PBXFileReference; lastKnownFileType = sourcecode.swift; path = HeapSort.swift; sourceTree = "<group>"; };
		A4AF32FF234EC3A70050F7C9 /* Sorting */ = {isa = PBXFileReference; explicitFileType = "compiled.mach-o.executable"; includeInIndex = 0; path = Sorting; sourceTree = BUILT_PRODUCTS_DIR; };
		A4AF3302234EC3A70050F7C9 /* main.swift */ = {isa = PBXFileReference; lastKnownFileType = sourcecode.swift; path = main.swift; sourceTree = "<group>"; };
		A4AF3309234ECAF70050F7C9 /* Tools.swift */ = {isa = PBXFileReference; lastKnownFileType = sourcecode.swift; path = Tools.swift; sourceTree = "<group>"; };
		A4AF330B234ED4450050F7C9 /* Sort.swift */ = {isa = PBXFileReference; lastKnownFileType = sourcecode.swift; path = Sort.swift; sourceTree = "<group>"; };
		A4AF330D234F1E5A0050F7C9 /* Student.swift */ = {isa = PBXFileReference; lastKnownFileType = sourcecode.swift; path = Student.swift; sourceTree = "<group>"; };
		A4AF3311234F31730050F7C9 /* BubbleSort1.swift */ = {isa = PBXFileReference; lastKnownFileType = sourcecode.swift; path = BubbleSort1.swift; sourceTree = "<group>"; };
/* End PBXFileReference section */

/* Begin PBXFrameworksBuildPhase section */
		A4AF32FC234EC3A70050F7C9 /* Frameworks */ = {
			isa = PBXFrameworksBuildPhase;
			buildActionMask = 2147483647;
			files = (
			);
			runOnlyForDeploymentPostprocessing = 0;
		};
/* End PBXFrameworksBuildPhase section */

/* Begin PBXGroup section */
		A4AF32F6234EC3A70050F7C9 = {
			isa = PBXGroup;
			children = (
				A4AF3301234EC3A70050F7C9 /* Sorting */,
				A4AF3300234EC3A70050F7C9 /* Products */,
			);
			sourceTree = "<group>";
		};
		A4AF3300234EC3A70050F7C9 /* Products */ = {
			isa = PBXGroup;
			children = (
				A4AF32FF234EC3A70050F7C9 /* Sorting */,
			);
			name = Products;
			sourceTree = "<group>";
		};
		A4AF3301234EC3A70050F7C9 /* Sorting */ = {
			isa = PBXGroup;
			children = (
				A4AF3302234EC3A70050F7C9 /* main.swift */,
				A4AF3309234ECAF70050F7C9 /* Tools.swift */,
				A4AF330B234ED4450050F7C9 /* Sort.swift */,
				A4AF330D234F1E5A0050F7C9 /* Student.swift */,
				A4AF3311234F31730050F7C9 /* BubbleSort1.swift */,
				A405CF8723502A08001E2D35 /* BubbleSort2.swift */,
				A405CF8923502B32001E2D35 /* BubbleSort3.swift */,
				A436F82E2351A4C600593EC2 /* SelectionSort.swift */,
				A436F8302351A84500593EC2 /* HeapSort.swift */,
				A400C067235598C900AD62BA /* InsertionSort1.swift */,
				A400C069235599D200AD62BA /* InsertionSort2.swift */,
				A400C06B23559BF700AD62BA /* InsertionSort3.swift */,
			);
			path = Sorting;
			sourceTree = "<group>";
		};
/* End PBXGroup section */

/* Begin PBXNativeTarget section */
		A4AF32FE234EC3A70050F7C9 /* Sorting */ = {
			isa = PBXNativeTarget;
			buildConfigurationList = A4AF3306234EC3A70050F7C9 /* Build configuration list for PBXNativeTarget "Sorting" */;
			buildPhases = (
				A4AF32FB234EC3A70050F7C9 /* Sources */,
				A4AF32FC234EC3A70050F7C9 /* Frameworks */,
				A4AF32FD234EC3A70050F7C9 /* CopyFiles */,
			);
			buildRules = (
			);
			dependencies = (
			);
			name = Sorting;
			productName = Sorting;
			productReference = A4AF32FF234EC3A70050F7C9 /* Sorting */;
			productType = "com.apple.product-type.tool";
		};
/* End PBXNativeTarget section */

/* Begin PBXProject section */
		A4AF32F7234EC3A70050F7C9 /* Project object */ = {
			isa = PBXProject;
			attributes = {
				LastSwiftUpdateCheck = 1020;
				LastUpgradeCheck = 1020;
				ORGANIZATIONNAME = sun;
				TargetAttributes = {
					A4AF32FE234EC3A70050F7C9 = {
						CreatedOnToolsVersion = 10.2.1;
					};
				};
			};
			buildConfigurationList = A4AF32FA234EC3A70050F7C9 /* Build configuration list for PBXProject "Sorting" */;
			compatibilityVersion = "Xcode 9.3";
			developmentRegion = en;
			hasScannedForEncodings = 0;
			knownRegions = (
				en,
			);
			mainGroup = A4AF32F6234EC3A70050F7C9;
			productRefGroup = A4AF3300234EC3A70050F7C9 /* Products */;
			projectDirPath = "";
			projectRoot = "";
			targets = (
				A4AF32FE234EC3A70050F7C9 /* Sorting */,
			);
		};
/* End PBXProject section */

/* Begin PBXSourcesBuildPhase section */
		A4AF32FB234EC3A70050F7C9 /* Sources */ = {
			isa = PBXSourcesBuildPhase;
			buildActionMask = 2147483647;
			files = (
				A4AF3303234EC3A70050F7C9 /* main.swift in Sources */,
				A4AF3312234F31730050F7C9 /* BubbleSort1.swift in Sources */,
				A4AF330A234ECAF70050F7C9 /* Tools.swift in Sources */,
				A4AF330C234ED4450050F7C9 /* Sort.swift in Sources */,
				A405CF8823502A08001E2D35 /* BubbleSort2.swift in Sources */,
				A400C06C23559BF700AD62BA /* InsertionSort3.swift in Sources */,
				A400C068235598C900AD62BA /* InsertionSort1.swift in Sources */,
				A4AF330E234F1E5A0050F7C9 /* Student.swift in Sources */,
				A436F8312351A84500593EC2 /* HeapSort.swift in Sources */,
				A436F82F2351A4C600593EC2 /* SelectionSort.swift in Sources */,
				A400C06A235599D200AD62BA /* InsertionSort2.swift in Sources */,
				A405CF8A23502B32001E2D35 /* BubbleSort3.swift in Sources */,
			);
			runOnlyForDeploymentPostprocessing = 0;
		};
/* End PBXSourcesBuildPhase section */

/* Begin XCBuildConfiguration section */
		A4AF3304234EC3A70050F7C9 /* Debug */ = {
			isa = XCBuildConfiguration;
			buildSettings = {
				ALWAYS_SEARCH_USER_PATHS = NO;
				CLANG_ANALYZER_NONNULL = YES;
				CLANG_ANALYZER_NUMBER_OBJECT_CONVERSION = YES_AGGRESSIVE;
				CLANG_CXX_LANGUAGE_STANDARD = "gnu++14";
				CLANG_CXX_LIBRARY = "libc++";
				CLANG_ENABLE_MODULES = YES;
				CLANG_ENABLE_OBJC_ARC = YES;
				CLANG_ENABLE_OBJC_WEAK = YES;
				CLANG_WARN_BLOCK_CAPTURE_AUTORELEASING = YES;
				CLANG_WARN_BOOL_CONVERSION = YES;
				CLANG_WARN_COMMA = YES;
				CLANG_WARN_CONSTANT_CONVERSION = YES;
				CLANG_WARN_DEPRECATED_OBJC_IMPLEMENTATIONS = YES;
				CLANG_WARN_DIRECT_OBJC_ISA_USAGE = YES_ERROR;
				CLANG_WARN_DOCUMENTATION_COMMENTS = YES;
				CLANG_WARN_EMPTY_BODY = YES;
				CLANG_WARN_ENUM_CONVERSION = YES;
				CLANG_WARN_INFINITE_RECURSION = YES;
				CLANG_WARN_INT_CONVERSION = YES;
				CLANG_WARN_NON_LITERAL_NULL_CONVERSION = YES;
				CLANG_WARN_OBJC_IMPLICIT_RETAIN_SELF = YES;
				CLANG_WARN_OBJC_LITERAL_CONVERSION = YES;
				CLANG_WARN_OBJC_ROOT_CLASS = YES_ERROR;
				CLANG_WARN_RANGE_LOOP_ANALYSIS = YES;
				CLANG_WARN_STRICT_PROTOTYPES = YES;
				CLANG_WARN_SUSPICIOUS_MOVE = YES;
				CLANG_WARN_UNGUARDED_AVAILABILITY = YES_AGGRESSIVE;
				CLANG_WARN_UNREACHABLE_CODE = YES;
				CLANG_WARN__DUPLICATE_METHOD_MATCH = YES;
				CODE_SIGN_IDENTITY = "-";
				COPY_PHASE_STRIP = NO;
				DEBUG_INFORMATION_FORMAT = dwarf;
				ENABLE_STRICT_OBJC_MSGSEND = YES;
				ENABLE_TESTABILITY = YES;
				GCC_C_LANGUAGE_STANDARD = gnu11;
				GCC_DYNAMIC_NO_PIC = NO;
				GCC_NO_COMMON_BLOCKS = YES;
				GCC_OPTIMIZATION_LEVEL = 0;
				GCC_PREPROCESSOR_DEFINITIONS = (
					"DEBUG=1",
					"$(inherited)",
				);
				GCC_WARN_64_TO_32_BIT_CONVERSION = YES;
				GCC_WARN_ABOUT_RETURN_TYPE = YES_ERROR;
				GCC_WARN_UNDECLARED_SELECTOR = YES;
				GCC_WARN_UNINITIALIZED_AUTOS = YES_AGGRESSIVE;
				GCC_WARN_UNUSED_FUNCTION = YES;
				GCC_WARN_UNUSED_VARIABLE = YES;
				MACOSX_DEPLOYMENT_TARGET = 10.14;
				MTL_ENABLE_DEBUG_INFO = INCLUDE_SOURCE;
				MTL_FAST_MATH = YES;
				ONLY_ACTIVE_ARCH = YES;
				SDKROOT = macosx;
				SWIFT_ACTIVE_COMPILATION_CONDITIONS = DEBUG;
				SWIFT_OPTIMIZATION_LEVEL = "-Onone";
			};
			name = Debug;
		};
		A4AF3305234EC3A70050F7C9 /* Release */ = {
			isa = XCBuildConfiguration;
			buildSettings = {
				ALWAYS_SEARCH_USER_PATHS = NO;
				CLANG_ANALYZER_NONNULL = YES;
				CLANG_ANALYZER_NUMBER_OBJECT_CONVERSION = YES_AGGRESSIVE;
				CLANG_CXX_LANGUAGE_STANDARD = "gnu++14";
				CLANG_CXX_LIBRARY = "libc++";
				CLANG_ENABLE_MODULES = YES;
				CLANG_ENABLE_OBJC_ARC = YES;
				CLANG_ENABLE_OBJC_WEAK = YES;
				CLANG_WARN_BLOCK_CAPTURE_AUTORELEASING = YES;
				CLANG_WARN_BOOL_CONVERSION = YES;
				CLANG_WARN_COMMA = YES;
				CLANG_WARN_CONSTANT_CONVERSION = YES;
				CLANG_WARN_DEPRECATED_OBJC_IMPLEMENTATIONS = YES;
				CLANG_WARN_DIRECT_OBJC_ISA_USAGE = YES_ERROR;
				CLANG_WARN_DOCUMENTATION_COMMENTS = YES;
				CLANG_WARN_EMPTY_BODY = YES;
				CLANG_WARN_ENUM_CONVERSION = YES;
				CLANG_WARN_INFINITE_RECURSION = YES;
				CLANG_WARN_INT_CONVERSION = YES;
				CLANG_WARN_NON_LITERAL_NULL_CONVERSION = YES;
				CLANG_WARN_OBJC_IMPLICIT_RETAIN_SELF = YES;
				CLANG_WARN_OBJC_LITERAL_CONVERSION = YES;
				CLANG_WARN_OBJC_ROOT_CLASS = YES_ERROR;
				CLANG_WARN_RANGE_LOOP_ANALYSIS = YES;
				CLANG_WARN_STRICT_PROTOTYPES = YES;
				CLANG_WARN_SUSPICIOUS_MOVE = YES;
				CLANG_WARN_UNGUARDED_AVAILABILITY = YES_AGGRESSIVE;
				CLANG_WARN_UNREACHABLE_CODE = YES;
				CLANG_WARN__DUPLICATE_METHOD_MATCH = YES;
				CODE_SIGN_IDENTITY = "-";
				COPY_PHASE_STRIP = NO;
				DEBUG_INFORMATION_FORMAT = "dwarf-with-dsym";
				ENABLE_NS_ASSERTIONS = NO;
				ENABLE_STRICT_OBJC_MSGSEND = YES;
				GCC_C_LANGUAGE_STANDARD = gnu11;
				GCC_NO_COMMON_BLOCKS = YES;
				GCC_WARN_64_TO_32_BIT_CONVERSION = YES;
				GCC_WARN_ABOUT_RETURN_TYPE = YES_ERROR;
				GCC_WARN_UNDECLARED_SELECTOR = YES;
				GCC_WARN_UNINITIALIZED_AUTOS = YES_AGGRESSIVE;
				GCC_WARN_UNUSED_FUNCTION = YES;
				GCC_WARN_UNUSED_VARIABLE = YES;
				MACOSX_DEPLOYMENT_TARGET = 10.14;
				MTL_ENABLE_DEBUG_INFO = NO;
				MTL_FAST_MATH = YES;
				SDKROOT = macosx;
				SWIFT_COMPILATION_MODE = wholemodule;
				SWIFT_OPTIMIZATION_LEVEL = "-O";
			};
			name = Release;
		};
		A4AF3307234EC3A70050F7C9 /* Debug */ = {
			isa = XCBuildConfiguration;
			buildSettings = {
				CODE_SIGN_STYLE = Automatic;
				PRODUCT_NAME = "$(TARGET_NAME)";
				SWIFT_VERSION = 5.0;
			};
			name = Debug;
		};
		A4AF3308234EC3A70050F7C9 /* Release */ = {
			isa = XCBuildConfiguration;
			buildSettings = {
				CODE_SIGN_STYLE = Automatic;
				PRODUCT_NAME = "$(TARGET_NAME)";
				SWIFT_VERSION = 5.0;
			};
			name = Release;
		};
/* End XCBuildConfiguration section */

/* Begin XCConfigurationList section */
		A4AF32FA234EC3A70050F7C9 /* Build configuration list for PBXProject "Sorting" */ = {
			isa = XCConfigurationList;
			buildConfigurations = (
				A4AF3304234EC3A70050F7C9 /* Debug */,
				A4AF3305234EC3A70050F7C9 /* Release */,
			);
			defaultConfigurationIsVisible = 0;
			defaultConfigurationName = Release;
		};
		A4AF3306234EC3A70050F7C9 /* Build configuration list for PBXNativeTarget "Sorting" */ = {
			isa = XCConfigurationList;
			buildConfigurations = (
				A4AF3307234EC3A70050F7C9 /* Debug */,
				A4AF3308234EC3A70050F7C9 /* Release */,
			);
			defaultConfigurationIsVisible = 0;
			defaultConfigurationName = Release;
		};
/* End XCConfigurationList section */
	};
	rootObject = A4AF32F7234EC3A70050F7C9 /* Project object */;
}
